
Microsoft Visual Studio Solution File, Format Version 12.00
Project("{FAE04EC0-301F-11D3-BF4B-00C04F79EFBC}") = "SettingX.Repositories.AzureTableStorage", "SettingX.Repositories.AzureTableStorage\SettingX.Repositories.AzureTableStorage.csproj", "{401CE990-7A9E-4CEB-9650-4E25FE1AEC36}"
EndProject
Global
	GlobalSection(SolutionConfigurationPlatforms) = preSolution
		Debug|Any CPU = Debug|Any CPU
		Release|Any CPU = Release|Any CPU
	EndGlobalSection
	GlobalSection(ProjectConfigurationPlatforms) = postSolution
		{401CE990-7A9E-4CEB-9650-4E25FE1AEC36}.Debug|Any CPU.ActiveCfg = Debug|Any CPU
		{401CE990-7A9E-4CEB-9650-4E25FE1AEC36}.Debug|Any CPU.Build.0 = Debug|Any CPU
		{401CE990-7A9E-4CEB-9650-4E25FE1AEC36}.Release|Any CPU.ActiveCfg = Release|Any CPU
		{401CE990-7A9E-4CEB-9650-4E25FE1AEC36}.Release|Any CPU.Build.0 = Release|Any CPU
	EndGlobalSection
EndGlobal
